
Microsoft Visual Studio Solution File, Format Version 12.00
# Visual Studio 15
VisualStudioVersion = 15.0.26730.12
MinimumVisualStudioVersion = 10.0.40219.1
Project("{FAE04EC0-301F-11D3-BF4B-00C04F79EFBC}") = "Group11", "Group11\Group11.csproj", "{A75054E6-B99F-4DA7-918F-46BF429EAA69}"
EndProject
Global
	GlobalSection(SolutionConfigurationPlatforms) = preSolution
		Debug|Any CPU = Debug|Any CPU
		Release|Any CPU = Release|Any CPU
	EndGlobalSection
	GlobalSection(ProjectConfigurationPlatforms) = postSolution
		{A75054E6-B99F-4DA7-918F-46BF429EAA69}.Debug|Any CPU.ActiveCfg = Debug|Any CPU
		{A75054E6-B99F-4DA7-918F-46BF429EAA69}.Debug|Any CPU.Build.0 = Debug|Any CPU
		{A75054E6-B99F-4DA7-918F-46BF429EAA69}.Release|Any CPU.ActiveCfg = Release|Any CPU
		{A75054E6-B99F-4DA7-918F-46BF429EAA69}.Release|Any CPU.Build.0 = Release|Any CPU
	EndGlobalSection
	GlobalSection(SolutionProperties) = preSolution
		HideSolutionNode = FALSE
	EndGlobalSection
	GlobalSection(ExtensibilityGlobals) = postSolution
		SolutionGuid = {AA710C08-3BBF-4DC6-9027-96FB1C3DA873}
	EndGlobalSection
EndGlobal
